
Microsoft Visual Studio Solution File, Format Version 12.00
# Visual Studio Version 16
VisualStudioVersion = 16.0.30907.101
MinimumVisualStudioVersion = 10.0.40219.1
Project("{9A19103F-16F7-4668-BE54-9A1E7A4F7556}") = "Variables-PickAnything", "Variables-PickAnything.csproj", "{BD350C06-2AD5-4C3C-BC05-97FBCD380040}"
EndProject
Global
	GlobalSection(SolutionConfigurationPlatforms) = preSolution
		Debug|Any CPU = Debug|Any CPU
		Release|Any CPU = Release|Any CPU
	EndGlobalSection
	GlobalSection(ProjectConfigurationPlatforms) = postSolution
		{BD350C06-2AD5-4C3C-BC05-97FBCD380040}.Debug|Any CPU.ActiveCfg = Debug|Any CPU
		{BD350C06-2AD5-4C3C-BC05-97FBCD380040}.Debug|Any CPU.Build.0 = Debug|Any CPU
		{BD350C06-2AD5-4C3C-BC05-97FBCD380040}.Release|Any CPU.ActiveCfg = Release|Any CPU
		{BD350C06-2AD5-4C3C-BC05-97FBCD380040}.Release|Any CPU.Build.0 = Release|Any CPU
	EndGlobalSection
	GlobalSection(SolutionProperties) = preSolution
		HideSolutionNode = FALSE
	EndGlobalSection
	GlobalSection(ExtensibilityGlobals) = postSolution
		SolutionGuid = {02F2EAAC-D23A-4708-9B1C-F3D74320DB42}
	EndGlobalSection
EndGlobal
